// !$*UTF8*$!
{
	archiveVersion = 1;
	classes = {
	};
	objectVersion = 50;
	objects = {

/* Begin PBXBuildFile section */
		140921C0238FF798009CF845 /* AppDelegate.swift in Sources */ = {isa = PBXBuildFile; fileRef = 140921BF238FF798009CF845 /* AppDelegate.swift */; };
		140921C2238FF798009CF845 /* SceneDelegate.swift in Sources */ = {isa = PBXBuildFile; fileRef = 140921C1238FF798009CF845 /* SceneDelegate.swift */; };
		140921C4238FF798009CF845 /* ViewController.swift in Sources */ = {isa = PBXBuildFile; fileRef = 140921C3238FF798009CF845 /* ViewController.swift */; };
		140921C7238FF798009CF845 /* Main.storyboard in Resources */ = {isa = PBXBuildFile; fileRef = 140921C5238FF798009CF845 /* Main.storyboard */; };
		140921C9238FF799009CF845 /* Assets.xcassets in Resources */ = {isa = PBXBuildFile; fileRef = 140921C8238FF799009CF845 /* Assets.xcassets */; };
		140921CC238FF799009CF845 /* LaunchScreen.storyboard in Resources */ = {isa = PBXBuildFile; fileRef = 140921CA238FF799009CF845 /* LaunchScreen.storyboard */; };
		140921D4238FF825009CF845 /* TableViewCell.swift in Sources */ = {isa = PBXBuildFile; fileRef = 140921D3238FF825009CF845 /* TableViewCell.swift */; };
		140921D6238FF872009CF845 /* CollectionViewCell.swift in Sources */ = {isa = PBXBuildFile; fileRef = 140921D5238FF872009CF845 /* CollectionViewCell.swift */; };
/* End PBXBuildFile section */

/* Begin PBXFileReference section */
		140921BC238FF798009CF845 /* Buoi17.app */ = {isa = PBXFileReference; explicitFileType = wrapper.application; includeInIndex = 0; path = Buoi17.app; sourceTree = BUILT_PRODUCTS_DIR; };
		140921BF238FF798009CF845 /* AppDelegate.swift */ = {isa = PBXFileReference; lastKnownFileType = sourcecode.swift; path = AppDelegate.swift; sourceTree = "<group>"; };
		140921C1238FF798009CF845 /* SceneDelegate.swift */ = {isa = PBXFileReference; lastKnownFileType = sourcecode.swift; path = SceneDelegate.swift; sourceTree = "<group>"; };
		140921C3238FF798009CF845 /* ViewController.swift */ = {isa = PBXFileReference; lastKnownFileType = sourcecode.swift; path = ViewController.swift; sourceTree = "<group>"; };
		140921C6238FF798009CF845 /* Base */ = {isa = PBXFileReference; lastKnownFileType = file.storyboard; name = Base; path = Base.lproj/Main.storyboard; sourceTree = "<group>"; };
		140921C8238FF799009CF845 /* Assets.xcassets */ = {isa = PBXFileReference; lastKnownFileType = folder.assetcatalog; path = Assets.xcassets; sourceTree = "<group>"; };
		140921CB238FF799009CF845 /* Base */ = {isa = PBXFileReference; lastKnownFileType = file.storyboard; name = Base; path = Base.lproj/LaunchScreen.storyboard; sourceTree = "<group>"; };
		140921CD238FF799009CF845 /* Info.plist */ = {isa = PBXFileReference; lastKnownFileType = text.plist.xml; path = Info.plist; sourceTree = "<group>"; };
		140921D3238FF825009CF845 /* TableViewCell.swift */ = {isa = PBXFileReference; lastKnownFileType = sourcecode.swift; path = TableViewCell.swift; sourceTree = "<group>"; };
		140921D5238FF872009CF845 /* CollectionViewCell.swift */ = {isa = PBXFileReference; lastKnownFileType = sourcecode.swift; path = CollectionViewCell.swift; sourceTree = "<group>"; };
/* End PBXFileReference section */

/* Begin PBXFrameworksBuildPhase section */
		140921B9238FF798009CF845 /* Frameworks */ = {
			isa = PBXFrameworksBuildPhase;
			buildActionMask = 2147483647;
			files = (
			);
			runOnlyForDeploymentPostprocessing = 0;
		};
/* End PBXFrameworksBuildPhase section */

/* Begin PBXGroup section */
		140921B3238FF797009CF845 = {
			isa = PBXGroup;
			children = (
				140921BE238FF798009CF845 /* Buoi17 */,
				140921BD238FF798009CF845 /* Products */,
			);
			sourceTree = "<group>";
		};
		140921BD238FF798009CF845 /* Products */ = {
			isa = PBXGroup;
			children = (
				140921BC238FF798009CF845 /* Buoi17.app */,
			);
			name = Products;
			sourceTree = "<group>";
		};
		140921BE238FF798009CF845 /* Buoi17 */ = {
			isa = PBXGroup;
			children = (
				140921BF238FF798009CF845 /* AppDelegate.swift */,
				140921C1238FF798009CF845 /* SceneDelegate.swift */,
				140921C3238FF798009CF845 /* ViewController.swift */,
				140921C5238FF798009CF845 /* Main.storyboard */,
				140921D5238FF872009CF845 /* CollectionViewCell.swift */,
				140921D3238FF825009CF845 /* TableViewCell.swift */,
				140921C8238FF799009CF845 /* Assets.xcassets */,
				140921CA238FF799009CF845 /* LaunchScreen.storyboard */,
				140921CD238FF799009CF845 /* Info.plist */,
			);
			path = Buoi17;
			sourceTree = "<group>";
		};
/* End PBXGroup section */

/* Begin PBXNativeTarget section */
		140921BB238FF798009CF845 /* Buoi17 */ = {
			isa = PBXNativeTarget;
			buildConfigurationList = 140921D0238FF799009CF845 /* Build configuration list for PBXNativeTarget "Buoi17" */;
			buildPhases = (
				140921B8238FF798009CF845 /* Sources */,
				140921B9238FF798009CF845 /* Frameworks */,
				140921BA238FF798009CF845 /* Resources */,
			);
			buildRules = (
			);
			dependencies = (
			);
			name = Buoi17;
			productName = Buoi17;
			productReference = 140921BC238FF798009CF845 /* Buoi17.app */;
			productType = "com.apple.product-type.application";
		};
/* End PBXNativeTarget section */

/* Begin PBXProject section */
		140921B4238FF797009CF845 /* Project object */ = {
			isa = PBXProject;
			attributes = {
				LastSwiftUpdateCheck = 1100;
				LastUpgradeCheck = 1100;
				ORGANIZATIONNAME = QuanNguyen;
				TargetAttributes = {
					140921BB238FF798009CF845 = {
						CreatedOnToolsVersion = 11.0;
					};
				};
			};
			buildConfigurationList = 140921B7238FF797009CF845 /* Build configuration list for PBXProject "Buoi17" */;
			compatibilityVersion = "Xcode 9.3";
			developmentRegion = en;
			hasScannedForEncodings = 0;
			knownRegions = (
				en,
				Base,
			);
			mainGroup = 140921B3238FF797009CF845;
			productRefGroup = 140921BD238FF798009CF845 /* Products */;
			projectDirPath = "";
			projectRoot = "";
			targets = (
				140921BB238FF798009CF845 /* Buoi17 */,
			);
		};
/* End PBXProject section */

/* Begin PBXResourcesBuildPhase section */
		140921BA238FF798009CF845 /* Resources */ = {
			isa = PBXResourcesBuildPhase;
			buildActionMask = 2147483647;
			files = (
				140921CC238FF799009CF845 /* LaunchScreen.storyboard in Resources */,
				140921C9238FF799009CF845 /* Assets.xcassets in Resources */,
				140921C7238FF798009CF845 /* Main.storyboard in Resources */,
			);
			runOnlyForDeploymentPostprocessing = 0;
		};
/* End PBXResourcesBuildPhase section */

/* Begin PBXSourcesBuildPhase section */
		140921B8238FF798009CF845 /* Sources */ = {
			isa = PBXSourcesBuildPhase;
			buildActionMask = 2147483647;
			files = (
				140921D6238FF872009CF845 /* CollectionViewCell.swift in Sources */,
				140921C4238FF798009CF845 /* ViewController.swift in Sources */,
				140921D4238FF825009CF845 /* TableViewCell.swift in Sources */,
				140921C0238FF798009CF845 /* AppDelegate.swift in Sources */,
				140921C2238FF798009CF845 /* SceneDelegate.swift in Sources */,
			);
			runOnlyForDeploymentPostprocessing = 0;
		};
/* End PBXSourcesBuildPhase section */

/* Begin PBXVariantGroup section */
		140921C5238FF798009CF845 /* Main.storyboard */ = {
			isa = PBXVariantGroup;
			children = (
				140921C6238FF798009CF845 /* Base */,
			);
			name = Main.storyboard;
			sourceTree = "<group>";
		};
		140921CA238FF799009CF845 /* LaunchScreen.storyboard */ = {
			isa = PBXVariantGroup;
			children = (
				140921CB238FF799009CF845 /* Base */,
			);
			name = LaunchScreen.storyboard;
			sourceTree = "<group>";
		};
/* End PBXVariantGroup section */

/* Begin XCBuildConfiguration section */
		140921CE238FF799009CF845 /* Debug */ = {
			isa = XCBuildConfiguration;
			buildSettings = {
				ALWAYS_SEARCH_USER_PATHS = NO;
				CLANG_ANALYZER_NONNULL = YES;
				CLANG_ANALYZER_NUMBER_OBJECT_CONVERSION = YES_AGGRESSIVE;
				CLANG_CXX_LANGUAGE_STANDARD = "gnu++14";
				CLANG_CXX_LIBRARY = "libc++";
				CLANG_ENABLE_MODULES = YES;
				CLANG_ENABLE_OBJC_ARC = YES;
				CLANG_ENABLE_OBJC_WEAK = YES;
				CLANG_WARN_BLOCK_CAPTURE_AUTORELEASING = YES;
				CLANG_WARN_BOOL_CONVERSION = YES;
				CLANG_WARN_COMMA = YES;
				CLANG_WARN_CONSTANT_CONVERSION = YES;
				CLANG_WARN_DEPRECATED_OBJC_IMPLEMENTATIONS = YES;
				CLANG_WARN_DIRECT_OBJC_ISA_USAGE = YES_ERROR;
				CLANG_WARN_DOCUMENTATION_COMMENTS = YES;
				CLANG_WARN_EMPTY_BODY = YES;
				CLANG_WARN_ENUM_CONVERSION = YES;
				CLANG_WARN_INFINITE_RECURSION = YES;
				CLANG_WARN_INT_CONVERSION = YES;
				CLANG_WARN_NON_LITERAL_NULL_CONVERSION = YES;
				CLANG_WARN_OBJC_IMPLICIT_RETAIN_SELF = YES;
				CLANG_WARN_OBJC_LITERAL_CONVERSION = YES;
				CLANG_WARN_OBJC_ROOT_CLASS = YES_ERROR;
				CLANG_WARN_RANGE_LOOP_ANALYSIS = YES;
				CLANG_WARN_STRICT_PROTOTYPES = YES;
				CLANG_WARN_SUSPICIOUS_MOVE = YES;
				CLANG_WARN_UNGUARDED_AVAILABILITY = YES_AGGRESSIVE;
				CLANG_WARN_UNREACHABLE_CODE = YES;
				CLANG_WARN__DUPLICATE_METHOD_MATCH = YES;
				COPY_PHASE_STRIP = NO;
				DEBUG_INFORMATION_FORMAT = dwarf;
				ENABLE_STRICT_OBJC_MSGSEND = YES;
				ENABLE_TESTABILITY = YES;
				GCC_C_LANGUAGE_STANDARD = gnu11;
				GCC_DYNAMIC_NO_PIC = NO;
				GCC_NO_COMMON_BLOCKS = YES;
				GCC_OPTIMIZATION_LEVEL = 0;
				GCC_PREPROCESSOR_DEFINITIONS = (
					"DEBUG=1",
					"$(inherited)",
				);
				GCC_WARN_64_TO_32_BIT_CONVERSION = YES;
				GCC_WARN_ABOUT_RETURN_TYPE = YES_ERROR;
				GCC_WARN_UNDECLARED_SELECTOR = YES;
				GCC_WARN_UNINITIALIZED_AUTOS = YES_AGGRESSIVE;
				GCC_WARN_UNUSED_FUNCTION = YES;
				GCC_WARN_UNUSED_VARIABLE = YES;
				IPHONEOS_DEPLOYMENT_TARGET = 13.0;
				MTL_ENABLE_DEBUG_INFO = INCLUDE_SOURCE;
				MTL_FAST_MATH = YES;
				ONLY_ACTIVE_ARCH = YES;
				SDKROOT = iphoneos;
				SWIFT_ACTIVE_COMPILATION_CONDITIONS = DEBUG;
				SWIFT_OPTIMIZATION_LEVEL = "-Onone";
			};
			name = Debug;
		};
		140921CF238FF799009CF845 /* Release */ = {
			isa = XCBuildConfiguration;
			buildSettings = {
				ALWAYS_SEARCH_USER_PATHS = NO;
				CLANG_ANALYZER_NONNULL = YES;
				CLANG_ANALYZER_NUMBER_OBJECT_CONVERSION = YES_AGGRESSIVE;
				CLANG_CXX_LANGUAGE_STANDARD = "gnu++14";
				CLANG_CXX_LIBRARY = "libc++";
				CLANG_ENABLE_MODULES = YES;
				CLANG_ENABLE_OBJC_ARC = YES;
				CLANG_ENABLE_OBJC_WEAK = YES;
				CLANG_WARN_BLOCK_CAPTURE_AUTORELEASING = YES;
				CLANG_WARN_BOOL_CONVERSION = YES;
				CLANG_WARN_COMMA = YES;
				CLANG_WARN_CONSTANT_CONVERSION = YES;
				CLANG_WARN_DEPRECATED_OBJC_IMPLEMENTATIONS = YES;
				CLANG_WARN_DIRECT_OBJC_ISA_USAGE = YES_ERROR;
				CLANG_WARN_DOCUMENTATION_COMMENTS = YES;
				CLANG_WARN_EMPTY_BODY = YES;
				CLANG_WARN_ENUM_CONVERSION = YES;
				CLANG_WARN_INFINITE_RECURSION = YES;
				CLANG_WARN_INT_CONVERSION = YES;
				CLANG_WARN_NON_LITERAL_NULL_CONVERSION = YES;
				CLANG_WARN_OBJC_IMPLICIT_RETAIN_SELF = YES;
				CLANG_WARN_OBJC_LITERAL_CONVERSION = YES;
				CLANG_WARN_OBJC_ROOT_CLASS = YES_ERROR;
				CLANG_WARN_RANGE_LOOP_ANALYSIS = YES;
				CLANG_WARN_STRICT_PROTOTYPES = YES;
				CLANG_WARN_SUSPICIOUS_MOVE = YES;
				CLANG_WARN_UNGUARDED_AVAILABILITY = YES_AGGRESSIVE;
				CLANG_WARN_UNREACHABLE_CODE = YES;
				CLANG_WARN__DUPLICATE_METHOD_MATCH = YES;
				COPY_PHASE_STRIP = NO;
				DEBUG_INFORMATION_FORMAT = "dwarf-with-dsym";
				ENABLE_NS_ASSERTIONS = NO;
				ENABLE_STRICT_OBJC_MSGSEND = YES;
				GCC_C_LANGUAGE_STANDARD = gnu11;
				GCC_NO_COMMON_BLOCKS = YES;
				GCC_WARN_64_TO_32_BIT_CONVERSION = YES;
				GCC_WARN_ABOUT_RETURN_TYPE = YES_ERROR;
				GCC_WARN_UNDECLARED_SELECTOR = YES;
				GCC_WARN_UNINITIALIZED_AUTOS = YES_AGGRESSIVE;
				GCC_WARN_UNUSED_FUNCTION = YES;
				GCC_WARN_UNUSED_VARIABLE = YES;
				IPHONEOS_DEPLOYMENT_TARGET = 13.0;
				MTL_ENABLE_DEBUG_INFO = NO;
				MTL_FAST_MATH = YES;
				SDKROOT = iphoneos;
				SWIFT_COMPILATION_MODE = wholemodule;
				SWIFT_OPTIMIZATION_LEVEL = "-O";
				VALIDATE_PRODUCT = YES;
			};
			name = Release;
		};
		140921D1238FF799009CF845 /* Debug */ = {
			isa = XCBuildConfiguration;
			buildSettings = {
				ASSETCATALOG_COMPILER_APPICON_NAME = AppIcon;
				CODE_SIGN_STYLE = Automatic;
				INFOPLIST_FILE = Buoi17/Info.plist;
				LD_RUNPATH_SEARCH_PATHS = (
					"$(inherited)",
					"@executable_path/Frameworks",
				);
				PRODUCT_BUNDLE_IDENTIFIER = com.mrQ.Buoi1.Buoi17;
				PRODUCT_NAME = "$(TARGET_NAME)";
				SWIFT_VERSION = 5.0;
				TARGETED_DEVICE_FAMILY = "1,2";
			};
			name = Debug;
		};
		140921D2238FF799009CF845 /* Release */ = {
			isa = XCBuildConfiguration;
			buildSettings = {
				ASSETCATALOG_COMPILER_APPICON_NAME = AppIcon;
				CODE_SIGN_STYLE = Automatic;
				INFOPLIST_FILE = Buoi17/Info.plist;
				LD_RUNPATH_SEARCH_PATHS = (
					"$(inherited)",
					"@executable_path/Frameworks",
				);
				PRODUCT_BUNDLE_IDENTIFIER = com.mrQ.Buoi1.Buoi17;
				PRODUCT_NAME = "$(TARGET_NAME)";
				SWIFT_VERSION = 5.0;
				TARGETED_DEVICE_FAMILY = "1,2";
			};
			name = Release;
		};
/* End XCBuildConfiguration section */

/* Begin XCConfigurationList section */
		140921B7238FF797009CF845 /* Build configuration list for PBXProject "Buoi17" */ = {
			isa = XCConfigurationList;
			buildConfigurations = (
				140921CE238FF799009CF845 /* Debug */,
				140921CF238FF799009CF845 /* Release */,
			);
			defaultConfigurationIsVisible = 0;
			defaultConfigurationName = Release;
		};
		140921D0238FF799009CF845 /* Build configuration list for PBXNativeTarget "Buoi17" */ = {
			isa = XCConfigurationList;
			buildConfigurations = (
				140921D1238FF799009CF845 /* Debug */,
				140921D2238FF799009CF845 /* Release */,
			);
			defaultConfigurationIsVisible = 0;
			defaultConfigurationName = Release;
		};
/* End XCConfigurationList section */
	};
	rootObject = 140921B4238FF797009CF845 /* Project object */;
}
