// !$*UTF8*$!
{
	archiveVersion = 1;
	classes = {
	};
	objectVersion = 51;
	objects = {

/* Begin PBXBuildFile section */
		1446F19A23B4E4C70081810C /* AppDelegate.swift in Sources */ = {isa = PBXBuildFile; fileRef = 1446F19923B4E4C70081810C /* AppDelegate.swift */; };
		1446F19C23B4E4C70081810C /* SceneDelegate.swift in Sources */ = {isa = PBXBuildFile; fileRef = 1446F19B23B4E4C70081810C /* SceneDelegate.swift */; };
		1446F19E23B4E4C70081810C /* ViewController.swift in Sources */ = {isa = PBXBuildFile; fileRef = 1446F19D23B4E4C70081810C /* ViewController.swift */; };
		1446F1A123B4E4C70081810C /* Main.storyboard in Resources */ = {isa = PBXBuildFile; fileRef = 1446F19F23B4E4C70081810C /* Main.storyboard */; };
		1446F1A323B4E4C70081810C /* Assets.xcassets in Resources */ = {isa = PBXBuildFile; fileRef = 1446F1A223B4E4C70081810C /* Assets.xcassets */; };
		1446F1A623B4E4C70081810C /* LaunchScreen.storyboard in Resources */ = {isa = PBXBuildFile; fileRef = 1446F1A423B4E4C70081810C /* LaunchScreen.storyboard */; };
		14EB2CD623B4F25C00DA4F25 /* Request.swift in Sources */ = {isa = PBXBuildFile; fileRef = 14EB2CD523B4F25C00DA4F25 /* Request.swift */; };
		8469BB162B5A97DD92136BE9 /* Pods_Buoi29.framework in Frameworks */ = {isa = PBXBuildFile; fileRef = 656418B1A2E58E4B58838F3D /* Pods_Buoi29.framework */; };
/* End PBXBuildFile section */

/* Begin PBXFileReference section */
		1446F19623B4E4C70081810C /* Buoi29.app */ = {isa = PBXFileReference; explicitFileType = wrapper.application; includeInIndex = 0; path = Buoi29.app; sourceTree = BUILT_PRODUCTS_DIR; };
		1446F19923B4E4C70081810C /* AppDelegate.swift */ = {isa = PBXFileReference; lastKnownFileType = sourcecode.swift; path = AppDelegate.swift; sourceTree = "<group>"; };
		1446F19B23B4E4C70081810C /* SceneDelegate.swift */ = {isa = PBXFileReference; lastKnownFileType = sourcecode.swift; path = SceneDelegate.swift; sourceTree = "<group>"; };
		1446F19D23B4E4C70081810C /* ViewController.swift */ = {isa = PBXFileReference; lastKnownFileType = sourcecode.swift; path = ViewController.swift; sourceTree = "<group>"; };
		1446F1A023B4E4C70081810C /* Base */ = {isa = PBXFileReference; lastKnownFileType = file.storyboard; name = Base; path = Base.lproj/Main.storyboard; sourceTree = "<group>"; };
		1446F1A223B4E4C70081810C /* Assets.xcassets */ = {isa = PBXFileReference; lastKnownFileType = folder.assetcatalog; path = Assets.xcassets; sourceTree = "<group>"; };
		1446F1A523B4E4C70081810C /* Base */ = {isa = PBXFileReference; lastKnownFileType = file.storyboard; name = Base; path = Base.lproj/LaunchScreen.storyboard; sourceTree = "<group>"; };
		1446F1A723B4E4C70081810C /* Info.plist */ = {isa = PBXFileReference; lastKnownFileType = text.plist.xml; path = Info.plist; sourceTree = "<group>"; };
		14EB2CD523B4F25C00DA4F25 /* Request.swift */ = {isa = PBXFileReference; lastKnownFileType = sourcecode.swift; path = Request.swift; sourceTree = "<group>"; };
		656418B1A2E58E4B58838F3D /* Pods_Buoi29.framework */ = {isa = PBXFileReference; explicitFileType = wrapper.framework; includeInIndex = 0; path = Pods_Buoi29.framework; sourceTree = BUILT_PRODUCTS_DIR; };
		D91C6E6D29A43FF3FCE23715 /* Pods-Buoi29.release.xcconfig */ = {isa = PBXFileReference; includeInIndex = 1; lastKnownFileType = text.xcconfig; name = "Pods-Buoi29.release.xcconfig"; path = "Target Support Files/Pods-Buoi29/Pods-Buoi29.release.xcconfig"; sourceTree = "<group>"; };
		F129B186EC4BE3B49D17AB9C /* Pods-Buoi29.debug.xcconfig */ = {isa = PBXFileReference; includeInIndex = 1; lastKnownFileType = text.xcconfig; name = "Pods-Buoi29.debug.xcconfig"; path = "Target Support Files/Pods-Buoi29/Pods-Buoi29.debug.xcconfig"; sourceTree = "<group>"; };
/* End PBXFileReference section */

/* Begin PBXFrameworksBuildPhase section */
		1446F19323B4E4C70081810C /* Frameworks */ = {
			isa = PBXFrameworksBuildPhase;
			buildActionMask = 2147483647;
			files = (
				8469BB162B5A97DD92136BE9 /* Pods_Buoi29.framework in Frameworks */,
			);
			runOnlyForDeploymentPostprocessing = 0;
		};
/* End PBXFrameworksBuildPhase section */

/* Begin PBXGroup section */
		1446F18D23B4E4C70081810C = {
			isa = PBXGroup;
			children = (
				1446F19823B4E4C70081810C /* Buoi29 */,
				1446F19723B4E4C70081810C /* Products */,
				D56B2825CF03E867D5690240 /* Pods */,
				5102627812C1A7BC57EEF51F /* Frameworks */,
			);
			sourceTree = "<group>";
		};
		1446F19723B4E4C70081810C /* Products */ = {
			isa = PBXGroup;
			children = (
				1446F19623B4E4C70081810C /* Buoi29.app */,
			);
			name = Products;
			sourceTree = "<group>";
		};
		1446F19823B4E4C70081810C /* Buoi29 */ = {
			isa = PBXGroup;
			children = (
				1446F19923B4E4C70081810C /* AppDelegate.swift */,
				1446F19B23B4E4C70081810C /* SceneDelegate.swift */,
				1446F19D23B4E4C70081810C /* ViewController.swift */,
				1446F19F23B4E4C70081810C /* Main.storyboard */,
				1446F1A223B4E4C70081810C /* Assets.xcassets */,
				1446F1A423B4E4C70081810C /* LaunchScreen.storyboard */,
				1446F1A723B4E4C70081810C /* Info.plist */,
				14EB2CD523B4F25C00DA4F25 /* Request.swift */,
			);
			path = Buoi29;
			sourceTree = "<group>";
		};
		5102627812C1A7BC57EEF51F /* Frameworks */ = {
			isa = PBXGroup;
			children = (
				656418B1A2E58E4B58838F3D /* Pods_Buoi29.framework */,
			);
			name = Frameworks;
			sourceTree = "<group>";
		};
		D56B2825CF03E867D5690240 /* Pods */ = {
			isa = PBXGroup;
			children = (
				F129B186EC4BE3B49D17AB9C /* Pods-Buoi29.debug.xcconfig */,
				D91C6E6D29A43FF3FCE23715 /* Pods-Buoi29.release.xcconfig */,
			);
			path = Pods;
			sourceTree = "<group>";
		};
/* End PBXGroup section */

/* Begin PBXNativeTarget section */
		1446F19523B4E4C70081810C /* Buoi29 */ = {
			isa = PBXNativeTarget;
			buildConfigurationList = 1446F1AA23B4E4C70081810C /* Build configuration list for PBXNativeTarget "Buoi29" */;
			buildPhases = (
				6221D3F70190F29D24097E51 /* [CP] Check Pods Manifest.lock */,
				1446F19223B4E4C70081810C /* Sources */,
				1446F19323B4E4C70081810C /* Frameworks */,
				1446F19423B4E4C70081810C /* Resources */,
				CFECBD6C4E04363BFF82FF7B /* [CP] Embed Pods Frameworks */,
			);
			buildRules = (
			);
			dependencies = (
			);
			name = Buoi29;
			productName = Buoi29;
			productReference = 1446F19623B4E4C70081810C /* Buoi29.app */;
			productType = "com.apple.product-type.application";
		};
/* End PBXNativeTarget section */

/* Begin PBXProject section */
		1446F18E23B4E4C70081810C /* Project object */ = {
			isa = PBXProject;
			attributes = {
				LastSwiftUpdateCheck = 1100;
				LastUpgradeCheck = 1100;
				ORGANIZATIONNAME = QuanNguyen;
				TargetAttributes = {
					1446F19523B4E4C70081810C = {
						CreatedOnToolsVersion = 11.0;
					};
				};
			};
			buildConfigurationList = 1446F19123B4E4C70081810C /* Build configuration list for PBXProject "Buoi29" */;
			compatibilityVersion = "Xcode 9.3";
			developmentRegion = en;
			hasScannedForEncodings = 0;
			knownRegions = (
				en,
				Base,
			);
			mainGroup = 1446F18D23B4E4C70081810C;
			productRefGroup = 1446F19723B4E4C70081810C /* Products */;
			projectDirPath = "";
			projectRoot = "";
			targets = (
				1446F19523B4E4C70081810C /* Buoi29 */,
			);
		};
/* End PBXProject section */

/* Begin PBXResourcesBuildPhase section */
		1446F19423B4E4C70081810C /* Resources */ = {
			isa = PBXResourcesBuildPhase;
			buildActionMask = 2147483647;
			files = (
				1446F1A623B4E4C70081810C /* LaunchScreen.storyboard in Resources */,
				1446F1A323B4E4C70081810C /* Assets.xcassets in Resources */,
				1446F1A123B4E4C70081810C /* Main.storyboard in Resources */,
			);
			runOnlyForDeploymentPostprocessing = 0;
		};
/* End PBXResourcesBuildPhase section */

/* Begin PBXShellScriptBuildPhase section */
		6221D3F70190F29D24097E51 /* [CP] Check Pods Manifest.lock */ = {
			isa = PBXShellScriptBuildPhase;
			buildActionMask = 2147483647;
			files = (
			);
			inputFileListPaths = (
			);
			inputPaths = (
				"${PODS_PODFILE_DIR_PATH}/Podfile.lock",
				"${PODS_ROOT}/Manifest.lock",
			);
			name = "[CP] Check Pods Manifest.lock";
			outputFileListPaths = (
			);
			outputPaths = (
				"$(DERIVED_FILE_DIR)/Pods-Buoi29-checkManifestLockResult.txt",
			);
			runOnlyForDeploymentPostprocessing = 0;
			shellPath = /bin/sh;
			shellScript = "diff \"${PODS_PODFILE_DIR_PATH}/Podfile.lock\" \"${PODS_ROOT}/Manifest.lock\" > /dev/null\nif [ $? != 0 ] ; then\n    # print error to STDERR\n    echo \"error: The sandbox is not in sync with the Podfile.lock. Run 'pod install' or update your CocoaPods installation.\" >&2\n    exit 1\nfi\n# This output is used by Xcode 'outputs' to avoid re-running this script phase.\necho \"SUCCESS\" > \"${SCRIPT_OUTPUT_FILE_0}\"\n";
			showEnvVarsInLog = 0;
		};
		CFECBD6C4E04363BFF82FF7B /* [CP] Embed Pods Frameworks */ = {
			isa = PBXShellScriptBuildPhase;
			buildActionMask = 2147483647;
			files = (
			);
			inputFileListPaths = (
				"${PODS_ROOT}/Target Support Files/Pods-Buoi29/Pods-Buoi29-frameworks-${CONFIGURATION}-input-files.xcfilelist",
			);
			name = "[CP] Embed Pods Frameworks";
			outputFileListPaths = (
				"${PODS_ROOT}/Target Support Files/Pods-Buoi29/Pods-Buoi29-frameworks-${CONFIGURATION}-output-files.xcfilelist",
			);
			runOnlyForDeploymentPostprocessing = 0;
			shellPath = /bin/sh;
			shellScript = "\"${PODS_ROOT}/Target Support Files/Pods-Buoi29/Pods-Buoi29-frameworks.sh\"\n";
			showEnvVarsInLog = 0;
		};
/* End PBXShellScriptBuildPhase section */

/* Begin PBXSourcesBuildPhase section */
		1446F19223B4E4C70081810C /* Sources */ = {
			isa = PBXSourcesBuildPhase;
			buildActionMask = 2147483647;
			files = (
				1446F19E23B4E4C70081810C /* ViewController.swift in Sources */,
				14EB2CD623B4F25C00DA4F25 /* Request.swift in Sources */,
				1446F19A23B4E4C70081810C /* AppDelegate.swift in Sources */,
				1446F19C23B4E4C70081810C /* SceneDelegate.swift in Sources */,
			);
			runOnlyForDeploymentPostprocessing = 0;
		};
/* End PBXSourcesBuildPhase section */

/* Begin PBXVariantGroup section */
		1446F19F23B4E4C70081810C /* Main.storyboard */ = {
			isa = PBXVariantGroup;
			children = (
				1446F1A023B4E4C70081810C /* Base */,
			);
			name = Main.storyboard;
			sourceTree = "<group>";
		};
		1446F1A423B4E4C70081810C /* LaunchScreen.storyboard */ = {
			isa = PBXVariantGroup;
			children = (
				1446F1A523B4E4C70081810C /* Base */,
			);
			name = LaunchScreen.storyboard;
			sourceTree = "<group>";
		};
/* End PBXVariantGroup section */

/* Begin XCBuildConfiguration section */
		1446F1A823B4E4C70081810C /* Debug */ = {
			isa = XCBuildConfiguration;
			buildSettings = {
				ALWAYS_SEARCH_USER_PATHS = NO;
				CLANG_ANALYZER_NONNULL = YES;
				CLANG_ANALYZER_NUMBER_OBJECT_CONVERSION = YES_AGGRESSIVE;
				CLANG_CXX_LANGUAGE_STANDARD = "gnu++14";
				CLANG_CXX_LIBRARY = "libc++";
				CLANG_ENABLE_MODULES = YES;
				CLANG_ENABLE_OBJC_ARC = YES;
				CLANG_ENABLE_OBJC_WEAK = YES;
				CLANG_WARN_BLOCK_CAPTURE_AUTORELEASING = YES;
				CLANG_WARN_BOOL_CONVERSION = YES;
				CLANG_WARN_COMMA = YES;
				CLANG_WARN_CONSTANT_CONVERSION = YES;
				CLANG_WARN_DEPRECATED_OBJC_IMPLEMENTATIONS = YES;
				CLANG_WARN_DIRECT_OBJC_ISA_USAGE = YES_ERROR;
				CLANG_WARN_DOCUMENTATION_COMMENTS = YES;
				CLANG_WARN_EMPTY_BODY = YES;
				CLANG_WARN_ENUM_CONVERSION = YES;
				CLANG_WARN_INFINITE_RECURSION = YES;
				CLANG_WARN_INT_CONVERSION = YES;
				CLANG_WARN_NON_LITERAL_NULL_CONVERSION = YES;
				CLANG_WARN_OBJC_IMPLICIT_RETAIN_SELF = YES;
				CLANG_WARN_OBJC_LITERAL_CONVERSION = YES;
				CLANG_WARN_OBJC_ROOT_CLASS = YES_ERROR;
				CLANG_WARN_RANGE_LOOP_ANALYSIS = YES;
				CLANG_WARN_STRICT_PROTOTYPES = YES;
				CLANG_WARN_SUSPICIOUS_MOVE = YES;
				CLANG_WARN_UNGUARDED_AVAILABILITY = YES_AGGRESSIVE;
				CLANG_WARN_UNREACHABLE_CODE = YES;
				CLANG_WARN__DUPLICATE_METHOD_MATCH = YES;
				COPY_PHASE_STRIP = NO;
				DEBUG_INFORMATION_FORMAT = dwarf;
				ENABLE_STRICT_OBJC_MSGSEND = YES;
				ENABLE_TESTABILITY = YES;
				GCC_C_LANGUAGE_STANDARD = gnu11;
				GCC_DYNAMIC_NO_PIC = NO;
				GCC_NO_COMMON_BLOCKS = YES;
				GCC_OPTIMIZATION_LEVEL = 0;
				GCC_PREPROCESSOR_DEFINITIONS = (
					"DEBUG=1",
					"$(inherited)",
				);
				GCC_WARN_64_TO_32_BIT_CONVERSION = YES;
				GCC_WARN_ABOUT_RETURN_TYPE = YES_ERROR;
				GCC_WARN_UNDECLARED_SELECTOR = YES;
				GCC_WARN_UNINITIALIZED_AUTOS = YES_AGGRESSIVE;
				GCC_WARN_UNUSED_FUNCTION = YES;
				GCC_WARN_UNUSED_VARIABLE = YES;
				IPHONEOS_DEPLOYMENT_TARGET = 13.0;
				MTL_ENABLE_DEBUG_INFO = INCLUDE_SOURCE;
				MTL_FAST_MATH = YES;
				ONLY_ACTIVE_ARCH = YES;
				SDKROOT = iphoneos;
				SWIFT_ACTIVE_COMPILATION_CONDITIONS = DEBUG;
				SWIFT_OPTIMIZATION_LEVEL = "-Onone";
			};
			name = Debug;
		};
		1446F1A923B4E4C70081810C /* Release */ = {
			isa = XCBuildConfiguration;
			buildSettings = {
				ALWAYS_SEARCH_USER_PATHS = NO;
				CLANG_ANALYZER_NONNULL = YES;
				CLANG_ANALYZER_NUMBER_OBJECT_CONVERSION = YES_AGGRESSIVE;
				CLANG_CXX_LANGUAGE_STANDARD = "gnu++14";
				CLANG_CXX_LIBRARY = "libc++";
				CLANG_ENABLE_MODULES = YES;
				CLANG_ENABLE_OBJC_ARC = YES;
				CLANG_ENABLE_OBJC_WEAK = YES;
				CLANG_WARN_BLOCK_CAPTURE_AUTORELEASING = YES;
				CLANG_WARN_BOOL_CONVERSION = YES;
				CLANG_WARN_COMMA = YES;
				CLANG_WARN_CONSTANT_CONVERSION = YES;
				CLANG_WARN_DEPRECATED_OBJC_IMPLEMENTATIONS = YES;
				CLANG_WARN_DIRECT_OBJC_ISA_USAGE = YES_ERROR;
				CLANG_WARN_DOCUMENTATION_COMMENTS = YES;
				CLANG_WARN_EMPTY_BODY = YES;
				CLANG_WARN_ENUM_CONVERSION = YES;
				CLANG_WARN_INFINITE_RECURSION = YES;
				CLANG_WARN_INT_CONVERSION = YES;
				CLANG_WARN_NON_LITERAL_NULL_CONVERSION = YES;
				CLANG_WARN_OBJC_IMPLICIT_RETAIN_SELF = YES;
				CLANG_WARN_OBJC_LITERAL_CONVERSION = YES;
				CLANG_WARN_OBJC_ROOT_CLASS = YES_ERROR;
				CLANG_WARN_RANGE_LOOP_ANALYSIS = YES;
				CLANG_WARN_STRICT_PROTOTYPES = YES;
				CLANG_WARN_SUSPICIOUS_MOVE = YES;
				CLANG_WARN_UNGUARDED_AVAILABILITY = YES_AGGRESSIVE;
				CLANG_WARN_UNREACHABLE_CODE = YES;
				CLANG_WARN__DUPLICATE_METHOD_MATCH = YES;
				COPY_PHASE_STRIP = NO;
				DEBUG_INFORMATION_FORMAT = "dwarf-with-dsym";
				ENABLE_NS_ASSERTIONS = NO;
				ENABLE_STRICT_OBJC_MSGSEND = YES;
				GCC_C_LANGUAGE_STANDARD = gnu11;
				GCC_NO_COMMON_BLOCKS = YES;
				GCC_WARN_64_TO_32_BIT_CONVERSION = YES;
				GCC_WARN_ABOUT_RETURN_TYPE = YES_ERROR;
				GCC_WARN_UNDECLARED_SELECTOR = YES;
				GCC_WARN_UNINITIALIZED_AUTOS = YES_AGGRESSIVE;
				GCC_WARN_UNUSED_FUNCTION = YES;
				GCC_WARN_UNUSED_VARIABLE = YES;
				IPHONEOS_DEPLOYMENT_TARGET = 13.0;
				MTL_ENABLE_DEBUG_INFO = NO;
				MTL_FAST_MATH = YES;
				SDKROOT = iphoneos;
				SWIFT_COMPILATION_MODE = wholemodule;
				SWIFT_OPTIMIZATION_LEVEL = "-O";
				VALIDATE_PRODUCT = YES;
			};
			name = Release;
		};
		1446F1AB23B4E4C70081810C /* Debug */ = {
			isa = XCBuildConfiguration;
			baseConfigurationReference = F129B186EC4BE3B49D17AB9C /* Pods-Buoi29.debug.xcconfig */;
			buildSettings = {
				ASSETCATALOG_COMPILER_APPICON_NAME = AppIcon;
				CODE_SIGN_STYLE = Automatic;
				INFOPLIST_FILE = Buoi29/Info.plist;
				LD_RUNPATH_SEARCH_PATHS = (
					"$(inherited)",
					"@executable_path/Frameworks",
				);
				PRODUCT_BUNDLE_IDENTIFIER = com.mrQ.Buoi1.Buoi29;
				PRODUCT_NAME = "$(TARGET_NAME)";
				SWIFT_VERSION = 5.0;
				TARGETED_DEVICE_FAMILY = "1,2";
			};
			name = Debug;
		};
		1446F1AC23B4E4C70081810C /* Release */ = {
			isa = XCBuildConfiguration;
			baseConfigurationReference = D91C6E6D29A43FF3FCE23715 /* Pods-Buoi29.release.xcconfig */;
			buildSettings = {
				ASSETCATALOG_COMPILER_APPICON_NAME = AppIcon;
				CODE_SIGN_STYLE = Automatic;
				INFOPLIST_FILE = Buoi29/Info.plist;
				LD_RUNPATH_SEARCH_PATHS = (
					"$(inherited)",
					"@executable_path/Frameworks",
				);
				PRODUCT_BUNDLE_IDENTIFIER = com.mrQ.Buoi1.Buoi29;
				PRODUCT_NAME = "$(TARGET_NAME)";
				SWIFT_VERSION = 5.0;
				TARGETED_DEVICE_FAMILY = "1,2";
			};
			name = Release;
		};
/* End XCBuildConfiguration section */

/* Begin XCConfigurationList section */
		1446F19123B4E4C70081810C /* Build configuration list for PBXProject "Buoi29" */ = {
			isa = XCConfigurationList;
			buildConfigurations = (
				1446F1A823B4E4C70081810C /* Debug */,
				1446F1A923B4E4C70081810C /* Release */,
			);
			defaultConfigurationIsVisible = 0;
			defaultConfigurationName = Release;
		};
		1446F1AA23B4E4C70081810C /* Build configuration list for PBXNativeTarget "Buoi29" */ = {
			isa = XCConfigurationList;
			buildConfigurations = (
				1446F1AB23B4E4C70081810C /* Debug */,
				1446F1AC23B4E4C70081810C /* Release */,
			);
			defaultConfigurationIsVisible = 0;
			defaultConfigurationName = Release;
		};
/* End XCConfigurationList section */
	};
	rootObject = 1446F18E23B4E4C70081810C /* Project object */;
}
