// !$*UTF8*$!
{
	archiveVersion = 1;
	classes = {
	};
	objectVersion = 50;
	objects = {

/* Begin PBXBuildFile section */
		149F29CB2396A7F800F37A9D /* ProductCell.swift in Sources */ = {isa = PBXBuildFile; fileRef = 149F29CA2396A7F800F37A9D /* ProductCell.swift */; };
		149F29CD2396A81900F37A9D /* CustomerCell.swift in Sources */ = {isa = PBXBuildFile; fileRef = 149F29CC2396A81900F37A9D /* CustomerCell.swift */; };
		14D4769023969197009BF521 /* AppDelegate.swift in Sources */ = {isa = PBXBuildFile; fileRef = 14D4768F23969197009BF521 /* AppDelegate.swift */; };
		14D4769223969197009BF521 /* SceneDelegate.swift in Sources */ = {isa = PBXBuildFile; fileRef = 14D4769123969197009BF521 /* SceneDelegate.swift */; };
		14D4769423969197009BF521 /* ViewController.swift in Sources */ = {isa = PBXBuildFile; fileRef = 14D4769323969197009BF521 /* ViewController.swift */; };
		14D4769723969197009BF521 /* Main.storyboard in Resources */ = {isa = PBXBuildFile; fileRef = 14D4769523969197009BF521 /* Main.storyboard */; };
		14D4769923969199009BF521 /* Assets.xcassets in Resources */ = {isa = PBXBuildFile; fileRef = 14D4769823969199009BF521 /* Assets.xcassets */; };
		14D4769C23969199009BF521 /* LaunchScreen.storyboard in Resources */ = {isa = PBXBuildFile; fileRef = 14D4769A23969199009BF521 /* LaunchScreen.storyboard */; };
		14D476A42396920F009BF521 /* BannerCell.swift in Sources */ = {isa = PBXBuildFile; fileRef = 14D476A32396920F009BF521 /* BannerCell.swift */; };
		14D476A623969227009BF521 /* CategoryCell.swift in Sources */ = {isa = PBXBuildFile; fileRef = 14D476A523969227009BF521 /* CategoryCell.swift */; };
		14D476A82396923C009BF521 /* ProductListCell.swift in Sources */ = {isa = PBXBuildFile; fileRef = 14D476A72396923C009BF521 /* ProductListCell.swift */; };
		14D476AA23969402009BF521 /* CategoryItemCell.swift in Sources */ = {isa = PBXBuildFile; fileRef = 14D476A923969402009BF521 /* CategoryItemCell.swift */; };
		14D476AC23969424009BF521 /* ProductListItemCell.swift in Sources */ = {isa = PBXBuildFile; fileRef = 14D476AB23969424009BF521 /* ProductListItemCell.swift */; };
		14D476AE2396962D009BF521 /* DetailViewController.swift in Sources */ = {isa = PBXBuildFile; fileRef = 14D476AD2396962D009BF521 /* DetailViewController.swift */; };
/* End PBXBuildFile section */

/* Begin PBXFileReference section */
		149F29CA2396A7F800F37A9D /* ProductCell.swift */ = {isa = PBXFileReference; lastKnownFileType = sourcecode.swift; path = ProductCell.swift; sourceTree = "<group>"; };
		149F29CC2396A81900F37A9D /* CustomerCell.swift */ = {isa = PBXFileReference; lastKnownFileType = sourcecode.swift; path = CustomerCell.swift; sourceTree = "<group>"; };
		14D4768C23969197009BF521 /* Buoi18.app */ = {isa = PBXFileReference; explicitFileType = wrapper.application; includeInIndex = 0; path = Buoi18.app; sourceTree = BUILT_PRODUCTS_DIR; };
		14D4768F23969197009BF521 /* AppDelegate.swift */ = {isa = PBXFileReference; lastKnownFileType = sourcecode.swift; path = AppDelegate.swift; sourceTree = "<group>"; };
		14D4769123969197009BF521 /* SceneDelegate.swift */ = {isa = PBXFileReference; lastKnownFileType = sourcecode.swift; path = SceneDelegate.swift; sourceTree = "<group>"; };
		14D4769323969197009BF521 /* ViewController.swift */ = {isa = PBXFileReference; lastKnownFileType = sourcecode.swift; path = ViewController.swift; sourceTree = "<group>"; };
		14D4769623969197009BF521 /* Base */ = {isa = PBXFileReference; lastKnownFileType = file.storyboard; name = Base; path = Base.lproj/Main.storyboard; sourceTree = "<group>"; };
		14D4769823969199009BF521 /* Assets.xcassets */ = {isa = PBXFileReference; lastKnownFileType = folder.assetcatalog; path = Assets.xcassets; sourceTree = "<group>"; };
		14D4769B23969199009BF521 /* Base */ = {isa = PBXFileReference; lastKnownFileType = file.storyboard; name = Base; path = Base.lproj/LaunchScreen.storyboard; sourceTree = "<group>"; };
		14D4769D23969199009BF521 /* Info.plist */ = {isa = PBXFileReference; lastKnownFileType = text.plist.xml; path = Info.plist; sourceTree = "<group>"; };
		14D476A32396920F009BF521 /* BannerCell.swift */ = {isa = PBXFileReference; lastKnownFileType = sourcecode.swift; path = BannerCell.swift; sourceTree = "<group>"; };
		14D476A523969227009BF521 /* CategoryCell.swift */ = {isa = PBXFileReference; lastKnownFileType = sourcecode.swift; path = CategoryCell.swift; sourceTree = "<group>"; };
		14D476A72396923C009BF521 /* ProductListCell.swift */ = {isa = PBXFileReference; lastKnownFileType = sourcecode.swift; path = ProductListCell.swift; sourceTree = "<group>"; };
		14D476A923969402009BF521 /* CategoryItemCell.swift */ = {isa = PBXFileReference; lastKnownFileType = sourcecode.swift; path = CategoryItemCell.swift; sourceTree = "<group>"; };
		14D476AB23969424009BF521 /* ProductListItemCell.swift */ = {isa = PBXFileReference; lastKnownFileType = sourcecode.swift; path = ProductListItemCell.swift; sourceTree = "<group>"; };
		14D476AD2396962D009BF521 /* DetailViewController.swift */ = {isa = PBXFileReference; lastKnownFileType = sourcecode.swift; path = DetailViewController.swift; sourceTree = "<group>"; };
/* End PBXFileReference section */

/* Begin PBXFrameworksBuildPhase section */
		14D4768923969197009BF521 /* Frameworks */ = {
			isa = PBXFrameworksBuildPhase;
			buildActionMask = 2147483647;
			files = (
			);
			runOnlyForDeploymentPostprocessing = 0;
		};
/* End PBXFrameworksBuildPhase section */

/* Begin PBXGroup section */
		149F29C92396A7CF00F37A9D /* Switch */ = {
			isa = PBXGroup;
			children = (
				149F29CA2396A7F800F37A9D /* ProductCell.swift */,
				149F29CC2396A81900F37A9D /* CustomerCell.swift */,
			);
			path = Switch;
			sourceTree = "<group>";
		};
		14D4768323969197009BF521 = {
			isa = PBXGroup;
			children = (
				14D4768E23969197009BF521 /* Buoi18 */,
				14D4768D23969197009BF521 /* Products */,
			);
			sourceTree = "<group>";
		};
		14D4768D23969197009BF521 /* Products */ = {
			isa = PBXGroup;
			children = (
				14D4768C23969197009BF521 /* Buoi18.app */,
			);
			name = Products;
			sourceTree = "<group>";
		};
		14D4768E23969197009BF521 /* Buoi18 */ = {
			isa = PBXGroup;
			children = (
				149F29C92396A7CF00F37A9D /* Switch */,
				14D4768F23969197009BF521 /* AppDelegate.swift */,
				14D4769123969197009BF521 /* SceneDelegate.swift */,
				14D4769323969197009BF521 /* ViewController.swift */,
				14D4769523969197009BF521 /* Main.storyboard */,
				14D476AD2396962D009BF521 /* DetailViewController.swift */,
				14D476AB23969424009BF521 /* ProductListItemCell.swift */,
				14D476A923969402009BF521 /* CategoryItemCell.swift */,
				14D476A72396923C009BF521 /* ProductListCell.swift */,
				14D476A523969227009BF521 /* CategoryCell.swift */,
				14D476A32396920F009BF521 /* BannerCell.swift */,
				14D4769823969199009BF521 /* Assets.xcassets */,
				14D4769A23969199009BF521 /* LaunchScreen.storyboard */,
				14D4769D23969199009BF521 /* Info.plist */,
			);
			path = Buoi18;
			sourceTree = "<group>";
		};
/* End PBXGroup section */

/* Begin PBXNativeTarget section */
		14D4768B23969197009BF521 /* Buoi18 */ = {
			isa = PBXNativeTarget;
			buildConfigurationList = 14D476A023969199009BF521 /* Build configuration list for PBXNativeTarget "Buoi18" */;
			buildPhases = (
				14D4768823969197009BF521 /* Sources */,
				14D4768923969197009BF521 /* Frameworks */,
				14D4768A23969197009BF521 /* Resources */,
			);
			buildRules = (
			);
			dependencies = (
			);
			name = Buoi18;
			productName = Buoi18;
			productReference = 14D4768C23969197009BF521 /* Buoi18.app */;
			productType = "com.apple.product-type.application";
		};
/* End PBXNativeTarget section */

/* Begin PBXProject section */
		14D4768423969197009BF521 /* Project object */ = {
			isa = PBXProject;
			attributes = {
				LastSwiftUpdateCheck = 1100;
				LastUpgradeCheck = 1100;
				ORGANIZATIONNAME = QuanNguyen;
				TargetAttributes = {
					14D4768B23969197009BF521 = {
						CreatedOnToolsVersion = 11.0;
					};
				};
			};
			buildConfigurationList = 14D4768723969197009BF521 /* Build configuration list for PBXProject "Buoi18" */;
			compatibilityVersion = "Xcode 9.3";
			developmentRegion = en;
			hasScannedForEncodings = 0;
			knownRegions = (
				en,
				Base,
			);
			mainGroup = 14D4768323969197009BF521;
			productRefGroup = 14D4768D23969197009BF521 /* Products */;
			projectDirPath = "";
			projectRoot = "";
			targets = (
				14D4768B23969197009BF521 /* Buoi18 */,
			);
		};
/* End PBXProject section */

/* Begin PBXResourcesBuildPhase section */
		14D4768A23969197009BF521 /* Resources */ = {
			isa = PBXResourcesBuildPhase;
			buildActionMask = 2147483647;
			files = (
				14D4769C23969199009BF521 /* LaunchScreen.storyboard in Resources */,
				14D4769923969199009BF521 /* Assets.xcassets in Resources */,
				14D4769723969197009BF521 /* Main.storyboard in Resources */,
			);
			runOnlyForDeploymentPostprocessing = 0;
		};
/* End PBXResourcesBuildPhase section */

/* Begin PBXSourcesBuildPhase section */
		14D4768823969197009BF521 /* Sources */ = {
			isa = PBXSourcesBuildPhase;
			buildActionMask = 2147483647;
			files = (
				14D476AE2396962D009BF521 /* DetailViewController.swift in Sources */,
				14D476AC23969424009BF521 /* ProductListItemCell.swift in Sources */,
				14D4769423969197009BF521 /* ViewController.swift in Sources */,
				14D476A42396920F009BF521 /* BannerCell.swift in Sources */,
				14D476AA23969402009BF521 /* CategoryItemCell.swift in Sources */,
				14D4769023969197009BF521 /* AppDelegate.swift in Sources */,
				14D4769223969197009BF521 /* SceneDelegate.swift in Sources */,
				149F29CB2396A7F800F37A9D /* ProductCell.swift in Sources */,
				149F29CD2396A81900F37A9D /* CustomerCell.swift in Sources */,
				14D476A623969227009BF521 /* CategoryCell.swift in Sources */,
				14D476A82396923C009BF521 /* ProductListCell.swift in Sources */,
			);
			runOnlyForDeploymentPostprocessing = 0;
		};
/* End PBXSourcesBuildPhase section */

/* Begin PBXVariantGroup section */
		14D4769523969197009BF521 /* Main.storyboard */ = {
			isa = PBXVariantGroup;
			children = (
				14D4769623969197009BF521 /* Base */,
			);
			name = Main.storyboard;
			sourceTree = "<group>";
		};
		14D4769A23969199009BF521 /* LaunchScreen.storyboard */ = {
			isa = PBXVariantGroup;
			children = (
				14D4769B23969199009BF521 /* Base */,
			);
			name = LaunchScreen.storyboard;
			sourceTree = "<group>";
		};
/* End PBXVariantGroup section */

/* Begin XCBuildConfiguration section */
		14D4769E23969199009BF521 /* Debug */ = {
			isa = XCBuildConfiguration;
			buildSettings = {
				ALWAYS_SEARCH_USER_PATHS = NO;
				CLANG_ANALYZER_NONNULL = YES;
				CLANG_ANALYZER_NUMBER_OBJECT_CONVERSION = YES_AGGRESSIVE;
				CLANG_CXX_LANGUAGE_STANDARD = "gnu++14";
				CLANG_CXX_LIBRARY = "libc++";
				CLANG_ENABLE_MODULES = YES;
				CLANG_ENABLE_OBJC_ARC = YES;
				CLANG_ENABLE_OBJC_WEAK = YES;
				CLANG_WARN_BLOCK_CAPTURE_AUTORELEASING = YES;
				CLANG_WARN_BOOL_CONVERSION = YES;
				CLANG_WARN_COMMA = YES;
				CLANG_WARN_CONSTANT_CONVERSION = YES;
				CLANG_WARN_DEPRECATED_OBJC_IMPLEMENTATIONS = YES;
				CLANG_WARN_DIRECT_OBJC_ISA_USAGE = YES_ERROR;
				CLANG_WARN_DOCUMENTATION_COMMENTS = YES;
				CLANG_WARN_EMPTY_BODY = YES;
				CLANG_WARN_ENUM_CONVERSION = YES;
				CLANG_WARN_INFINITE_RECURSION = YES;
				CLANG_WARN_INT_CONVERSION = YES;
				CLANG_WARN_NON_LITERAL_NULL_CONVERSION = YES;
				CLANG_WARN_OBJC_IMPLICIT_RETAIN_SELF = YES;
				CLANG_WARN_OBJC_LITERAL_CONVERSION = YES;
				CLANG_WARN_OBJC_ROOT_CLASS = YES_ERROR;
				CLANG_WARN_RANGE_LOOP_ANALYSIS = YES;
				CLANG_WARN_STRICT_PROTOTYPES = YES;
				CLANG_WARN_SUSPICIOUS_MOVE = YES;
				CLANG_WARN_UNGUARDED_AVAILABILITY = YES_AGGRESSIVE;
				CLANG_WARN_UNREACHABLE_CODE = YES;
				CLANG_WARN__DUPLICATE_METHOD_MATCH = YES;
				COPY_PHASE_STRIP = NO;
				DEBUG_INFORMATION_FORMAT = dwarf;
				ENABLE_STRICT_OBJC_MSGSEND = YES;
				ENABLE_TESTABILITY = YES;
				GCC_C_LANGUAGE_STANDARD = gnu11;
				GCC_DYNAMIC_NO_PIC = NO;
				GCC_NO_COMMON_BLOCKS = YES;
				GCC_OPTIMIZATION_LEVEL = 0;
				GCC_PREPROCESSOR_DEFINITIONS = (
					"DEBUG=1",
					"$(inherited)",
				);
				GCC_WARN_64_TO_32_BIT_CONVERSION = YES;
				GCC_WARN_ABOUT_RETURN_TYPE = YES_ERROR;
				GCC_WARN_UNDECLARED_SELECTOR = YES;
				GCC_WARN_UNINITIALIZED_AUTOS = YES_AGGRESSIVE;
				GCC_WARN_UNUSED_FUNCTION = YES;
				GCC_WARN_UNUSED_VARIABLE = YES;
				IPHONEOS_DEPLOYMENT_TARGET = 13.0;
				MTL_ENABLE_DEBUG_INFO = INCLUDE_SOURCE;
				MTL_FAST_MATH = YES;
				ONLY_ACTIVE_ARCH = YES;
				SDKROOT = iphoneos;
				SWIFT_ACTIVE_COMPILATION_CONDITIONS = DEBUG;
				SWIFT_OPTIMIZATION_LEVEL = "-Onone";
			};
			name = Debug;
		};
		14D4769F23969199009BF521 /* Release */ = {
			isa = XCBuildConfiguration;
			buildSettings = {
				ALWAYS_SEARCH_USER_PATHS = NO;
				CLANG_ANALYZER_NONNULL = YES;
				CLANG_ANALYZER_NUMBER_OBJECT_CONVERSION = YES_AGGRESSIVE;
				CLANG_CXX_LANGUAGE_STANDARD = "gnu++14";
				CLANG_CXX_LIBRARY = "libc++";
				CLANG_ENABLE_MODULES = YES;
				CLANG_ENABLE_OBJC_ARC = YES;
				CLANG_ENABLE_OBJC_WEAK = YES;
				CLANG_WARN_BLOCK_CAPTURE_AUTORELEASING = YES;
				CLANG_WARN_BOOL_CONVERSION = YES;
				CLANG_WARN_COMMA = YES;
				CLANG_WARN_CONSTANT_CONVERSION = YES;
				CLANG_WARN_DEPRECATED_OBJC_IMPLEMENTATIONS = YES;
				CLANG_WARN_DIRECT_OBJC_ISA_USAGE = YES_ERROR;
				CLANG_WARN_DOCUMENTATION_COMMENTS = YES;
				CLANG_WARN_EMPTY_BODY = YES;
				CLANG_WARN_ENUM_CONVERSION = YES;
				CLANG_WARN_INFINITE_RECURSION = YES;
				CLANG_WARN_INT_CONVERSION = YES;
				CLANG_WARN_NON_LITERAL_NULL_CONVERSION = YES;
				CLANG_WARN_OBJC_IMPLICIT_RETAIN_SELF = YES;
				CLANG_WARN_OBJC_LITERAL_CONVERSION = YES;
				CLANG_WARN_OBJC_ROOT_CLASS = YES_ERROR;
				CLANG_WARN_RANGE_LOOP_ANALYSIS = YES;
				CLANG_WARN_STRICT_PROTOTYPES = YES;
				CLANG_WARN_SUSPICIOUS_MOVE = YES;
				CLANG_WARN_UNGUARDED_AVAILABILITY = YES_AGGRESSIVE;
				CLANG_WARN_UNREACHABLE_CODE = YES;
				CLANG_WARN__DUPLICATE_METHOD_MATCH = YES;
				COPY_PHASE_STRIP = NO;
				DEBUG_INFORMATION_FORMAT = "dwarf-with-dsym";
				ENABLE_NS_ASSERTIONS = NO;
				ENABLE_STRICT_OBJC_MSGSEND = YES;
				GCC_C_LANGUAGE_STANDARD = gnu11;
				GCC_NO_COMMON_BLOCKS = YES;
				GCC_WARN_64_TO_32_BIT_CONVERSION = YES;
				GCC_WARN_ABOUT_RETURN_TYPE = YES_ERROR;
				GCC_WARN_UNDECLARED_SELECTOR = YES;
				GCC_WARN_UNINITIALIZED_AUTOS = YES_AGGRESSIVE;
				GCC_WARN_UNUSED_FUNCTION = YES;
				GCC_WARN_UNUSED_VARIABLE = YES;
				IPHONEOS_DEPLOYMENT_TARGET = 13.0;
				MTL_ENABLE_DEBUG_INFO = NO;
				MTL_FAST_MATH = YES;
				SDKROOT = iphoneos;
				SWIFT_COMPILATION_MODE = wholemodule;
				SWIFT_OPTIMIZATION_LEVEL = "-O";
				VALIDATE_PRODUCT = YES;
			};
			name = Release;
		};
		14D476A123969199009BF521 /* Debug */ = {
			isa = XCBuildConfiguration;
			buildSettings = {
				ASSETCATALOG_COMPILER_APPICON_NAME = AppIcon;
				CODE_SIGN_STYLE = Automatic;
				INFOPLIST_FILE = Buoi18/Info.plist;
				LD_RUNPATH_SEARCH_PATHS = (
					"$(inherited)",
					"@executable_path/Frameworks",
				);
				PRODUCT_BUNDLE_IDENTIFIER = com.mrQ.Buoi1.Buoi18;
				PRODUCT_NAME = "$(TARGET_NAME)";
				SWIFT_VERSION = 5.0;
				TARGETED_DEVICE_FAMILY = "1,2";
			};
			name = Debug;
		};
		14D476A223969199009BF521 /* Release */ = {
			isa = XCBuildConfiguration;
			buildSettings = {
				ASSETCATALOG_COMPILER_APPICON_NAME = AppIcon;
				CODE_SIGN_STYLE = Automatic;
				INFOPLIST_FILE = Buoi18/Info.plist;
				LD_RUNPATH_SEARCH_PATHS = (
					"$(inherited)",
					"@executable_path/Frameworks",
				);
				PRODUCT_BUNDLE_IDENTIFIER = com.mrQ.Buoi1.Buoi18;
				PRODUCT_NAME = "$(TARGET_NAME)";
				SWIFT_VERSION = 5.0;
				TARGETED_DEVICE_FAMILY = "1,2";
			};
			name = Release;
		};
/* End XCBuildConfiguration section */

/* Begin XCConfigurationList section */
		14D4768723969197009BF521 /* Build configuration list for PBXProject "Buoi18" */ = {
			isa = XCConfigurationList;
			buildConfigurations = (
				14D4769E23969199009BF521 /* Debug */,
				14D4769F23969199009BF521 /* Release */,
			);
			defaultConfigurationIsVisible = 0;
			defaultConfigurationName = Release;
		};
		14D476A023969199009BF521 /* Build configuration list for PBXNativeTarget "Buoi18" */ = {
			isa = XCConfigurationList;
			buildConfigurations = (
				14D476A123969199009BF521 /* Debug */,
				14D476A223969199009BF521 /* Release */,
			);
			defaultConfigurationIsVisible = 0;
			defaultConfigurationName = Release;
		};
/* End XCConfigurationList section */
	};
	rootObject = 14D4768423969197009BF521 /* Project object */;
}
